
Microsoft Visual Studio Solution File, Format Version 12.00
# Visual Studio Version 16
VisualStudioVersion = 16.0.32228.343
MinimumVisualStudioVersion = 10.0.40219.1
Project("{9A19103F-16F7-4668-BE54-9A1E7A4F7556}") = "App1", "App1\App1.csproj", "{FC4AC721-1B50-4DA1-ADB0-5E31CC015457}"
EndProject
Project("{9A19103F-16F7-4668-BE54-9A1E7A4F7556}") = "App2", "App2\App2.csproj", "{9AC7EBF1-7B16-426C-8972-D28552D53BCE}"
EndProject
Project("{9A19103F-16F7-4668-BE54-9A1E7A4F7556}") = "App3", "App3\App3.csproj", "{6BB45905-CDBA-4813-8AE0-3A5A92EAAA42}"
EndProject
Project("{9A19103F-16F7-4668-BE54-9A1E7A4F7556}") = "App4", "App4\App4.csproj", "{A4A84171-774F-4199-BF24-58C6B736F289}"
EndProject
Project("{FAE04EC0-301F-11D3-BF4B-00C04F79EFBC}") = "App5", "App5\App5.csproj", "{37E94216-E9C3-417E-9276-08E1E6058A80}"
EndProject
Global
	GlobalSection(SolutionConfigurationPlatforms) = preSolution
		Debug|Any CPU = Debug|Any CPU
		Release|Any CPU = Release|Any CPU
	EndGlobalSection
	GlobalSection(ProjectConfigurationPlatforms) = postSolution
		{FC4AC721-1B50-4DA1-ADB0-5E31CC015457}.Debug|Any CPU.ActiveCfg = Debug|Any CPU
		{FC4AC721-1B50-4DA1-ADB0-5E31CC015457}.Debug|Any CPU.Build.0 = Debug|Any CPU
		{FC4AC721-1B50-4DA1-ADB0-5E31CC015457}.Release|Any CPU.ActiveCfg = Release|Any CPU
		{FC4AC721-1B50-4DA1-ADB0-5E31CC015457}.Release|Any CPU.Build.0 = Release|Any CPU
		{9AC7EBF1-7B16-426C-8972-D28552D53BCE}.Debug|Any CPU.ActiveCfg = Debug|Any CPU
		{9AC7EBF1-7B16-426C-8972-D28552D53BCE}.Debug|Any CPU.Build.0 = Debug|Any CPU
		{9AC7EBF1-7B16-426C-8972-D28552D53BCE}.Release|Any CPU.ActiveCfg = Release|Any CPU
		{9AC7EBF1-7B16-426C-8972-D28552D53BCE}.Release|Any CPU.Build.0 = Release|Any CPU
		{6BB45905-CDBA-4813-8AE0-3A5A92EAAA42}.Debug|Any CPU.ActiveCfg = Debug|Any CPU
		{6BB45905-CDBA-4813-8AE0-3A5A92EAAA42}.Debug|Any CPU.Build.0 = Debug|Any CPU
		{6BB45905-CDBA-4813-8AE0-3A5A92EAAA42}.Release|Any CPU.ActiveCfg = Release|Any CPU
		{6BB45905-CDBA-4813-8AE0-3A5A92EAAA42}.Release|Any CPU.Build.0 = Release|Any CPU
		{A4A84171-774F-4199-BF24-58C6B736F289}.Debug|Any CPU.ActiveCfg = Debug|Any CPU
		{A4A84171-774F-4199-BF24-58C6B736F289}.Debug|Any CPU.Build.0 = Debug|Any CPU
		{A4A84171-774F-4199-BF24-58C6B736F289}.Release|Any CPU.ActiveCfg = Release|Any CPU
		{A4A84171-774F-4199-BF24-58C6B736F289}.Release|Any CPU.Build.0 = Release|Any CPU
		{37E94216-E9C3-417E-9276-08E1E6058A80}.Debug|Any CPU.ActiveCfg = Debug|Any CPU
		{37E94216-E9C3-417E-9276-08E1E6058A80}.Debug|Any CPU.Build.0 = Debug|Any CPU
		{37E94216-E9C3-417E-9276-08E1E6058A80}.Release|Any CPU.ActiveCfg = Release|Any CPU
		{37E94216-E9C3-417E-9276-08E1E6058A80}.Release|Any CPU.Build.0 = Release|Any CPU
	EndGlobalSection
	GlobalSection(SolutionProperties) = preSolution
		HideSolutionNode = FALSE
	EndGlobalSection
	GlobalSection(ExtensibilityGlobals) = postSolution
		SolutionGuid = {62927C42-FC05-478B-BF20-391734474561}
	EndGlobalSection
EndGlobal
